// !$*UTF8*$!
{
	archiveVersion = 1;
	classes = {
	};
	objectVersion = 56;
	objects = {

/* Begin PBXBuildFile section */
		91484A272BBB5DAA00D10F60 /* AppDelegate.swift in Sources */ = {isa = PBXBuildFile; fileRef = 91484A262BBB5DAA00D10F60 /* AppDelegate.swift */; };
		91484A292BBB5DAA00D10F60 /* SceneDelegate.swift in Sources */ = {isa = PBXBuildFile; fileRef = 91484A282BBB5DAA00D10F60 /* SceneDelegate.swift */; };
		91484A2B2BBB5DAA00D10F60 /* HomeViewController.swift in Sources */ = {isa = PBXBuildFile; fileRef = 91484A2A2BBB5DAA00D10F60 /* HomeViewController.swift */; };
		91484A2E2BBB5DAA00D10F60 /* Base in Resources */ = {isa = PBXBuildFile; fileRef = 91484A2D2BBB5DAA00D10F60 /* Base */; };
		91484A332BBB5DAC00D10F60 /* Base in Resources */ = {isa = PBXBuildFile; fileRef = 91484A322BBB5DAC00D10F60 /* Base */; };
		91484A3D2BBB761300D10F60 /* HomeScreenView.swift in Sources */ = {isa = PBXBuildFile; fileRef = 91484A3C2BBB761300D10F60 /* HomeScreenView.swift */; };
		91484A412BBB7E2500D10F60 /* RedButton.swift in Sources */ = {isa = PBXBuildFile; fileRef = 91484A402BBB7E2500D10F60 /* RedButton.swift */; };
		915A3E5B2BBCAC2700B5BCFB /* LogoJetImage.swift in Sources */ = {isa = PBXBuildFile; fileRef = 915A3E5A2BBCAC2700B5BCFB /* LogoJetImage.swift */; };
		915A3E5F2BBCB14C00B5BCFB /* LoginViewController.swift in Sources */ = {isa = PBXBuildFile; fileRef = 915A3E5E2BBCB14C00B5BCFB /* LoginViewController.swift */; };
		915A3E612BBCBD3400B5BCFB /* LoginScreenView.swift in Sources */ = {isa = PBXBuildFile; fileRef = 915A3E602BBCBD3400B5BCFB /* LoginScreenView.swift */; };
		915A3E632BBCC78D00B5BCFB /* TextfieldWithImage.swift in Sources */ = {isa = PBXBuildFile; fileRef = 915A3E622BBCC78D00B5BCFB /* TextfieldWithImage.swift */; };
		915A3E652BBCCD9A00B5BCFB /* RegisterViewController.swift in Sources */ = {isa = PBXBuildFile; fileRef = 915A3E642BBCCD9A00B5BCFB /* RegisterViewController.swift */; };
		915A3E672BBCCDFE00B5BCFB /* RegisterScreenView.swift in Sources */ = {isa = PBXBuildFile; fileRef = 915A3E662BBCCDFE00B5BCFB /* RegisterScreenView.swift */; };
		915A3E692BBCD04700B5BCFB /* Assets.xcassets in Resources */ = {isa = PBXBuildFile; fileRef = 915A3E682BBCD04700B5BCFB /* Assets.xcassets */; };
		915A3E6D2BBCE8A300B5BCFB /* CustomBackButton.swift in Sources */ = {isa = PBXBuildFile; fileRef = 915A3E6C2BBCE8A300B5BCFB /* CustomBackButton.swift */; };
		915A3E6F2BBCF08D00B5BCFB /* DiscoverServicesViewController.swift in Sources */ = {isa = PBXBuildFile; fileRef = 915A3E6E2BBCF08D00B5BCFB /* DiscoverServicesViewController.swift */; };
		915A3E712BBCF18000B5BCFB /* DiscoverServicesScreenView.swift in Sources */ = {isa = PBXBuildFile; fileRef = 915A3E702BBCF18000B5BCFB /* DiscoverServicesScreenView.swift */; };
		915A3E732BBCF9BC00B5BCFB /* ServicesTableViewCell.swift in Sources */ = {isa = PBXBuildFile; fileRef = 915A3E722BBCF9BC00B5BCFB /* ServicesTableViewCell.swift */; };
		915A3E762BBCFFCD00B5BCFB /* ServicesModel.swift in Sources */ = {isa = PBXBuildFile; fileRef = 915A3E752BBCFFCD00B5BCFB /* ServicesModel.swift */; };
/* End PBXBuildFile section */

/* Begin PBXFileReference section */
		91484A232BBB5DAA00D10F60 /* Agenda Jet.app */ = {isa = PBXFileReference; explicitFileType = wrapper.application; includeInIndex = 0; path = "Agenda Jet.app"; sourceTree = BUILT_PRODUCTS_DIR; };
		91484A262BBB5DAA00D10F60 /* AppDelegate.swift */ = {isa = PBXFileReference; lastKnownFileType = sourcecode.swift; path = AppDelegate.swift; sourceTree = "<group>"; };
		91484A282BBB5DAA00D10F60 /* SceneDelegate.swift */ = {isa = PBXFileReference; lastKnownFileType = sourcecode.swift; path = SceneDelegate.swift; sourceTree = "<group>"; };
		91484A2A2BBB5DAA00D10F60 /* HomeViewController.swift */ = {isa = PBXFileReference; lastKnownFileType = sourcecode.swift; path = HomeViewController.swift; sourceTree = "<group>"; };
		91484A2D2BBB5DAA00D10F60 /* Base */ = {isa = PBXFileReference; lastKnownFileType = file.storyboard; name = Base; path = Base.lproj/Main.storyboard; sourceTree = "<group>"; };
		91484A322BBB5DAC00D10F60 /* Base */ = {isa = PBXFileReference; lastKnownFileType = file.storyboard; name = Base; path = Base.lproj/LaunchScreen.storyboard; sourceTree = "<group>"; };
		91484A342BBB5DAC00D10F60 /* Info.plist */ = {isa = PBXFileReference; lastKnownFileType = text.plist.xml; path = Info.plist; sourceTree = "<group>"; };
		91484A3C2BBB761300D10F60 /* HomeScreenView.swift */ = {isa = PBXFileReference; lastKnownFileType = sourcecode.swift; path = HomeScreenView.swift; sourceTree = "<group>"; };
		91484A402BBB7E2500D10F60 /* RedButton.swift */ = {isa = PBXFileReference; lastKnownFileType = sourcecode.swift; path = RedButton.swift; sourceTree = "<group>"; };
		915A3E5A2BBCAC2700B5BCFB /* LogoJetImage.swift */ = {isa = PBXFileReference; lastKnownFileType = sourcecode.swift; path = LogoJetImage.swift; sourceTree = "<group>"; };
		915A3E5E2BBCB14C00B5BCFB /* LoginViewController.swift */ = {isa = PBXFileReference; lastKnownFileType = sourcecode.swift; path = LoginViewController.swift; sourceTree = "<group>"; };
		915A3E602BBCBD3400B5BCFB /* LoginScreenView.swift */ = {isa = PBXFileReference; lastKnownFileType = sourcecode.swift; path = LoginScreenView.swift; sourceTree = "<group>"; };
		915A3E622BBCC78D00B5BCFB /* TextfieldWithImage.swift */ = {isa = PBXFileReference; lastKnownFileType = sourcecode.swift; path = TextfieldWithImage.swift; sourceTree = "<group>"; };
		915A3E642BBCCD9A00B5BCFB /* RegisterViewController.swift */ = {isa = PBXFileReference; lastKnownFileType = sourcecode.swift; path = RegisterViewController.swift; sourceTree = "<group>"; };
		915A3E662BBCCDFE00B5BCFB /* RegisterScreenView.swift */ = {isa = PBXFileReference; lastKnownFileType = sourcecode.swift; path = RegisterScreenView.swift; sourceTree = "<group>"; };
		915A3E682BBCD04700B5BCFB /* Assets.xcassets */ = {isa = PBXFileReference; lastKnownFileType = folder.assetcatalog; name = Assets.xcassets; path = "../../../../../Library/Mobile Documents/.Trash/Assets.xcassets"; sourceTree = "<group>"; };
		915A3E6C2BBCE8A300B5BCFB /* CustomBackButton.swift */ = {isa = PBXFileReference; lastKnownFileType = sourcecode.swift; path = CustomBackButton.swift; sourceTree = "<group>"; };
		915A3E6E2BBCF08D00B5BCFB /* DiscoverServicesViewController.swift */ = {isa = PBXFileReference; lastKnownFileType = sourcecode.swift; path = DiscoverServicesViewController.swift; sourceTree = "<group>"; };
		915A3E702BBCF18000B5BCFB /* DiscoverServicesScreenView.swift */ = {isa = PBXFileReference; lastKnownFileType = sourcecode.swift; path = DiscoverServicesScreenView.swift; sourceTree = "<group>"; };
		915A3E722BBCF9BC00B5BCFB /* ServicesTableViewCell.swift */ = {isa = PBXFileReference; lastKnownFileType = sourcecode.swift; path = ServicesTableViewCell.swift; sourceTree = "<group>"; };
		915A3E752BBCFFCD00B5BCFB /* ServicesModel.swift */ = {isa = PBXFileReference; lastKnownFileType = sourcecode.swift; path = ServicesModel.swift; sourceTree = "<group>"; };
/* End PBXFileReference section */

/* Begin PBXFrameworksBuildPhase section */
		91484A202BBB5DAA00D10F60 /* Frameworks */ = {
			isa = PBXFrameworksBuildPhase;
			buildActionMask = 2147483647;
			files = (
			);
			runOnlyForDeploymentPostprocessing = 0;
		};
/* End PBXFrameworksBuildPhase section */

/* Begin PBXGroup section */
		91484A1A2BBB5DAA00D10F60 = {
			isa = PBXGroup;
			children = (
				91484A252BBB5DAA00D10F60 /* Agenda Jet */,
				91484A242BBB5DAA00D10F60 /* Products */,
			);
			sourceTree = "<group>";
		};
		91484A242BBB5DAA00D10F60 /* Products */ = {
			isa = PBXGroup;
			children = (
				91484A232BBB5DAA00D10F60 /* Agenda Jet.app */,
			);
			name = Products;
			sourceTree = "<group>";
		};
		91484A252BBB5DAA00D10F60 /* Agenda Jet */ = {
			isa = PBXGroup;
			children = (
				91484A3F2BBB7DEB00D10F60 /* Components */,
				91484A262BBB5DAA00D10F60 /* AppDelegate.swift */,
				91484A282BBB5DAA00D10F60 /* SceneDelegate.swift */,
				915A3E742BBCFF8100B5BCFB /* Model */,
				91484A3A2BBB75A500D10F60 /* View */,
				91484A2C2BBB5DAA00D10F60 /* Main.storyboard */,
				91484A342BBB5DAC00D10F60 /* Info.plist */,
				91484A312BBB5DAC00D10F60 /* LaunchScreen.storyboard */,
				915A3E682BBCD04700B5BCFB /* Assets.xcassets */,
			);
			path = "Agenda Jet";
			sourceTree = "<group>";
		};
		91484A3A2BBB75A500D10F60 /* View */ = {
			isa = PBXGroup;
			children = (
				91484A3B2BBB75D800D10F60 /* Screen */,
				91484A2A2BBB5DAA00D10F60 /* HomeViewController.swift */,
				915A3E5E2BBCB14C00B5BCFB /* LoginViewController.swift */,
				915A3E642BBCCD9A00B5BCFB /* RegisterViewController.swift */,
				915A3E6E2BBCF08D00B5BCFB /* DiscoverServicesViewController.swift */,
			);
			path = View;
			sourceTree = "<group>";
		};
		91484A3B2BBB75D800D10F60 /* Screen */ = {
			isa = PBXGroup;
			children = (
				91484A3C2BBB761300D10F60 /* HomeScreenView.swift */,
				915A3E602BBCBD3400B5BCFB /* LoginScreenView.swift */,
				915A3E662BBCCDFE00B5BCFB /* RegisterScreenView.swift */,
				915A3E702BBCF18000B5BCFB /* DiscoverServicesScreenView.swift */,
			);
			path = Screen;
			sourceTree = "<group>";
		};
		91484A3F2BBB7DEB00D10F60 /* Components */ = {
			isa = PBXGroup;
			children = (
				915A3E772BBD08BA00B5BCFB /* Cell */,
				91484A402BBB7E2500D10F60 /* RedButton.swift */,
				915A3E5A2BBCAC2700B5BCFB /* LogoJetImage.swift */,
				915A3E622BBCC78D00B5BCFB /* TextfieldWithImage.swift */,
				915A3E6C2BBCE8A300B5BCFB /* CustomBackButton.swift */,
			);
			path = Components;
			sourceTree = "<group>";
		};
		915A3E742BBCFF8100B5BCFB /* Model */ = {
			isa = PBXGroup;
			children = (
				915A3E752BBCFFCD00B5BCFB /* ServicesModel.swift */,
			);
			path = Model;
			sourceTree = "<group>";
		};
		915A3E772BBD08BA00B5BCFB /* Cell */ = {
			isa = PBXGroup;
			children = (
				915A3E722BBCF9BC00B5BCFB /* ServicesTableViewCell.swift */,
			);
			path = Cell;
			sourceTree = "<group>";
		};
/* End PBXGroup section */

/* Begin PBXNativeTarget section */
		91484A222BBB5DAA00D10F60 /* Agenda Jet */ = {
			isa = PBXNativeTarget;
			buildConfigurationList = 91484A372BBB5DAC00D10F60 /* Build configuration list for PBXNativeTarget "Agenda Jet" */;
			buildPhases = (
				91484A1F2BBB5DAA00D10F60 /* Sources */,
				91484A202BBB5DAA00D10F60 /* Frameworks */,
				91484A212BBB5DAA00D10F60 /* Resources */,
			);
			buildRules = (
			);
			dependencies = (
			);
			name = "Agenda Jet";
			productName = "Agenda Jet";
			productReference = 91484A232BBB5DAA00D10F60 /* Agenda Jet.app */;
			productType = "com.apple.product-type.application";
		};
/* End PBXNativeTarget section */

/* Begin PBXProject section */
		91484A1B2BBB5DAA00D10F60 /* Project object */ = {
			isa = PBXProject;
			attributes = {
				BuildIndependentTargetsInParallel = 1;
				LastSwiftUpdateCheck = 1530;
				LastUpgradeCheck = 1530;
				TargetAttributes = {
					91484A222BBB5DAA00D10F60 = {
						CreatedOnToolsVersion = 15.3;
					};
				};
			};
			buildConfigurationList = 91484A1E2BBB5DAA00D10F60 /* Build configuration list for PBXProject "Agenda Jet" */;
			compatibilityVersion = "Xcode 14.0";
			developmentRegion = en;
			hasScannedForEncodings = 0;
			knownRegions = (
				en,
				Base,
			);
			mainGroup = 91484A1A2BBB5DAA00D10F60;
			productRefGroup = 91484A242BBB5DAA00D10F60 /* Products */;
			projectDirPath = "";
			projectRoot = "";
			targets = (
				91484A222BBB5DAA00D10F60 /* Agenda Jet */,
			);
		};
/* End PBXProject section */

/* Begin PBXResourcesBuildPhase section */
		91484A212BBB5DAA00D10F60 /* Resources */ = {
			isa = PBXResourcesBuildPhase;
			buildActionMask = 2147483647;
			files = (
				91484A332BBB5DAC00D10F60 /* Base in Resources */,
				915A3E692BBCD04700B5BCFB /* Assets.xcassets in Resources */,
				91484A2E2BBB5DAA00D10F60 /* Base in Resources */,
			);
			runOnlyForDeploymentPostprocessing = 0;
		};
/* End PBXResourcesBuildPhase section */

/* Begin PBXSourcesBuildPhase section */
		91484A1F2BBB5DAA00D10F60 /* Sources */ = {
			isa = PBXSourcesBuildPhase;
			buildActionMask = 2147483647;
			files = (
				915A3E5F2BBCB14C00B5BCFB /* LoginViewController.swift in Sources */,
				915A3E652BBCCD9A00B5BCFB /* RegisterViewController.swift in Sources */,
				915A3E5B2BBCAC2700B5BCFB /* LogoJetImage.swift in Sources */,
				915A3E762BBCFFCD00B5BCFB /* ServicesModel.swift in Sources */,
				91484A2B2BBB5DAA00D10F60 /* HomeViewController.swift in Sources */,
				915A3E712BBCF18000B5BCFB /* DiscoverServicesScreenView.swift in Sources */,
				91484A272BBB5DAA00D10F60 /* AppDelegate.swift in Sources */,
				915A3E732BBCF9BC00B5BCFB /* ServicesTableViewCell.swift in Sources */,
				915A3E612BBCBD3400B5BCFB /* LoginScreenView.swift in Sources */,
				91484A292BBB5DAA00D10F60 /* SceneDelegate.swift in Sources */,
				915A3E6F2BBCF08D00B5BCFB /* DiscoverServicesViewController.swift in Sources */,
				915A3E672BBCCDFE00B5BCFB /* RegisterScreenView.swift in Sources */,
				91484A412BBB7E2500D10F60 /* RedButton.swift in Sources */,
				915A3E6D2BBCE8A300B5BCFB /* CustomBackButton.swift in Sources */,
				915A3E632BBCC78D00B5BCFB /* TextfieldWithImage.swift in Sources */,
				91484A3D2BBB761300D10F60 /* HomeScreenView.swift in Sources */,
			);
			runOnlyForDeploymentPostprocessing = 0;
		};
/* End PBXSourcesBuildPhase section */

/* Begin PBXVariantGroup section */
		91484A2C2BBB5DAA00D10F60 /* Main.storyboard */ = {
			isa = PBXVariantGroup;
			children = (
				91484A2D2BBB5DAA00D10F60 /* Base */,
			);
			name = Main.storyboard;
			sourceTree = "<group>";
		};
		91484A312BBB5DAC00D10F60 /* LaunchScreen.storyboard */ = {
			isa = PBXVariantGroup;
			children = (
				91484A322BBB5DAC00D10F60 /* Base */,
			);
			name = LaunchScreen.storyboard;
			sourceTree = "<group>";
		};
/* End PBXVariantGroup section */

/* Begin XCBuildConfiguration section */
		91484A352BBB5DAC00D10F60 /* Debug */ = {
			isa = XCBuildConfiguration;
			buildSettings = {
				ALWAYS_SEARCH_USER_PATHS = NO;
				ASSETCATALOG_COMPILER_GENERATE_SWIFT_ASSET_SYMBOL_EXTENSIONS = YES;
				CLANG_ANALYZER_NONNULL = YES;
				CLANG_ANALYZER_NUMBER_OBJECT_CONVERSION = YES_AGGRESSIVE;
				CLANG_CXX_LANGUAGE_STANDARD = "gnu++20";
				CLANG_ENABLE_MODULES = YES;
				CLANG_ENABLE_OBJC_ARC = YES;
				CLANG_ENABLE_OBJC_WEAK = YES;
				CLANG_WARN_BLOCK_CAPTURE_AUTORELEASING = YES;
				CLANG_WARN_BOOL_CONVERSION = YES;
				CLANG_WARN_COMMA = YES;
				CLANG_WARN_CONSTANT_CONVERSION = YES;
				CLANG_WARN_DEPRECATED_OBJC_IMPLEMENTATIONS = YES;
				CLANG_WARN_DIRECT_OBJC_ISA_USAGE = YES_ERROR;
				CLANG_WARN_DOCUMENTATION_COMMENTS = YES;
				CLANG_WARN_EMPTY_BODY = YES;
				CLANG_WARN_ENUM_CONVERSION = YES;
				CLANG_WARN_INFINITE_RECURSION = YES;
				CLANG_WARN_INT_CONVERSION = YES;
				CLANG_WARN_NON_LITERAL_NULL_CONVERSION = YES;
				CLANG_WARN_OBJC_IMPLICIT_RETAIN_SELF = YES;
				CLANG_WARN_OBJC_LITERAL_CONVERSION = YES;
				CLANG_WARN_OBJC_ROOT_CLASS = YES_ERROR;
				CLANG_WARN_QUOTED_INCLUDE_IN_FRAMEWORK_HEADER = YES;
				CLANG_WARN_RANGE_LOOP_ANALYSIS = YES;
				CLANG_WARN_STRICT_PROTOTYPES = YES;
				CLANG_WARN_SUSPICIOUS_MOVE = YES;
				CLANG_WARN_UNGUARDED_AVAILABILITY = YES_AGGRESSIVE;
				CLANG_WARN_UNREACHABLE_CODE = YES;
				CLANG_WARN__DUPLICATE_METHOD_MATCH = YES;
				COPY_PHASE_STRIP = NO;
				DEBUG_INFORMATION_FORMAT = dwarf;
				ENABLE_STRICT_OBJC_MSGSEND = YES;
				ENABLE_TESTABILITY = YES;
				ENABLE_USER_SCRIPT_SANDBOXING = YES;
				GCC_C_LANGUAGE_STANDARD = gnu17;
				GCC_DYNAMIC_NO_PIC = NO;
				GCC_NO_COMMON_BLOCKS = YES;
				GCC_OPTIMIZATION_LEVEL = 0;
				GCC_PREPROCESSOR_DEFINITIONS = (
					"DEBUG=1",
					"$(inherited)",
				);
				GCC_WARN_64_TO_32_BIT_CONVERSION = YES;
				GCC_WARN_ABOUT_RETURN_TYPE = YES_ERROR;
				GCC_WARN_UNDECLARED_SELECTOR = YES;
				GCC_WARN_UNINITIALIZED_AUTOS = YES_AGGRESSIVE;
				GCC_WARN_UNUSED_FUNCTION = YES;
				GCC_WARN_UNUSED_VARIABLE = YES;
				IPHONEOS_DEPLOYMENT_TARGET = 17.4;
				LOCALIZATION_PREFERS_STRING_CATALOGS = YES;
				MTL_ENABLE_DEBUG_INFO = INCLUDE_SOURCE;
				MTL_FAST_MATH = YES;
				ONLY_ACTIVE_ARCH = YES;
				SDKROOT = iphoneos;
				SWIFT_ACTIVE_COMPILATION_CONDITIONS = "DEBUG $(inherited)";
				SWIFT_OPTIMIZATION_LEVEL = "-Onone";
			};
			name = Debug;
		};
		91484A362BBB5DAC00D10F60 /* Release */ = {
			isa = XCBuildConfiguration;
			buildSettings = {
				ALWAYS_SEARCH_USER_PATHS = NO;
				ASSETCATALOG_COMPILER_GENERATE_SWIFT_ASSET_SYMBOL_EXTENSIONS = YES;
				CLANG_ANALYZER_NONNULL = YES;
				CLANG_ANALYZER_NUMBER_OBJECT_CONVERSION = YES_AGGRESSIVE;
				CLANG_CXX_LANGUAGE_STANDARD = "gnu++20";
				CLANG_ENABLE_MODULES = YES;
				CLANG_ENABLE_OBJC_ARC = YES;
				CLANG_ENABLE_OBJC_WEAK = YES;
				CLANG_WARN_BLOCK_CAPTURE_AUTORELEASING = YES;
				CLANG_WARN_BOOL_CONVERSION = YES;
				CLANG_WARN_COMMA = YES;
				CLANG_WARN_CONSTANT_CONVERSION = YES;
				CLANG_WARN_DEPRECATED_OBJC_IMPLEMENTATIONS = YES;
				CLANG_WARN_DIRECT_OBJC_ISA_USAGE = YES_ERROR;
				CLANG_WARN_DOCUMENTATION_COMMENTS = YES;
				CLANG_WARN_EMPTY_BODY = YES;
				CLANG_WARN_ENUM_CONVERSION = YES;
				CLANG_WARN_INFINITE_RECURSION = YES;
				CLANG_WARN_INT_CONVERSION = YES;
				CLANG_WARN_NON_LITERAL_NULL_CONVERSION = YES;
				CLANG_WARN_OBJC_IMPLICIT_RETAIN_SELF = YES;
				CLANG_WARN_OBJC_LITERAL_CONVERSION = YES;
				CLANG_WARN_OBJC_ROOT_CLASS = YES_ERROR;
				CLANG_WARN_QUOTED_INCLUDE_IN_FRAMEWORK_HEADER = YES;
				CLANG_WARN_RANGE_LOOP_ANALYSIS = YES;
				CLANG_WARN_STRICT_PROTOTYPES = YES;
				CLANG_WARN_SUSPICIOUS_MOVE = YES;
				CLANG_WARN_UNGUARDED_AVAILABILITY = YES_AGGRESSIVE;
				CLANG_WARN_UNREACHABLE_CODE = YES;
				CLANG_WARN__DUPLICATE_METHOD_MATCH = YES;
				COPY_PHASE_STRIP = NO;
				DEBUG_INFORMATION_FORMAT = "dwarf-with-dsym";
				ENABLE_NS_ASSERTIONS = NO;
				ENABLE_STRICT_OBJC_MSGSEND = YES;
				ENABLE_USER_SCRIPT_SANDBOXING = YES;
				GCC_C_LANGUAGE_STANDARD = gnu17;
				GCC_NO_COMMON_BLOCKS = YES;
				GCC_WARN_64_TO_32_BIT_CONVERSION = YES;
				GCC_WARN_ABOUT_RETURN_TYPE = YES_ERROR;
				GCC_WARN_UNDECLARED_SELECTOR = YES;
				GCC_WARN_UNINITIALIZED_AUTOS = YES_AGGRESSIVE;
				GCC_WARN_UNUSED_FUNCTION = YES;
				GCC_WARN_UNUSED_VARIABLE = YES;
				IPHONEOS_DEPLOYMENT_TARGET = 17.4;
				LOCALIZATION_PREFERS_STRING_CATALOGS = YES;
				MTL_ENABLE_DEBUG_INFO = NO;
				MTL_FAST_MATH = YES;
				SDKROOT = iphoneos;
				SWIFT_COMPILATION_MODE = wholemodule;
				VALIDATE_PRODUCT = YES;
			};
			name = Release;
		};
		91484A382BBB5DAC00D10F60 /* Debug */ = {
			isa = XCBuildConfiguration;
			buildSettings = {
				ASSETCATALOG_COMPILER_APPICON_NAME = AppIcon;
				ASSETCATALOG_COMPILER_GLOBAL_ACCENT_COLOR_NAME = AccentColor;
				CODE_SIGN_STYLE = Automatic;
				CURRENT_PROJECT_VERSION = 1;
				DEVELOPMENT_TEAM = G22U8RL76N;
				GENERATE_INFOPLIST_FILE = YES;
				INFOPLIST_FILE = "Agenda Jet/Info.plist";
				INFOPLIST_KEY_UIApplicationSupportsIndirectInputEvents = YES;
				INFOPLIST_KEY_UILaunchStoryboardName = LaunchScreen;
				INFOPLIST_KEY_UIStatusBarStyle = "";
				INFOPLIST_KEY_UISupportedInterfaceOrientations = UIInterfaceOrientationPortrait;
				INFOPLIST_KEY_UISupportedInterfaceOrientations_iPad = "UIInterfaceOrientationLandscapeLeft UIInterfaceOrientationLandscapeRight UIInterfaceOrientationPortrait UIInterfaceOrientationPortraitUpsideDown";
				IPHONEOS_DEPLOYMENT_TARGET = 17.1;
				LD_RUNPATH_SEARCH_PATHS = (
					"$(inherited)",
					"@executable_path/Frameworks",
				);
				MARKETING_VERSION = 1.0;
				PRODUCT_BUNDLE_IDENTIFIER = "com.agendajet.Agenda-Jet";
				PRODUCT_NAME = "$(TARGET_NAME)";
				SUPPORTED_PLATFORMS = "iphoneos iphonesimulator";
				SUPPORTS_MACCATALYST = NO;
				SUPPORTS_MAC_DESIGNED_FOR_IPHONE_IPAD = NO;
				SUPPORTS_XR_DESIGNED_FOR_IPHONE_IPAD = NO;
				SWIFT_EMIT_LOC_STRINGS = YES;
				SWIFT_VERSION = 5.0;
				TARGETED_DEVICE_FAMILY = 1;
			};
			name = Debug;
		};
		91484A392BBB5DAC00D10F60 /* Release */ = {
			isa = XCBuildConfiguration;
			buildSettings = {
				ASSETCATALOG_COMPILER_APPICON_NAME = AppIcon;
				ASSETCATALOG_COMPILER_GLOBAL_ACCENT_COLOR_NAME = AccentColor;
				CODE_SIGN_STYLE = Automatic;
				CURRENT_PROJECT_VERSION = 1;
				DEVELOPMENT_TEAM = G22U8RL76N;
				GENERATE_INFOPLIST_FILE = YES;
				INFOPLIST_FILE = "Agenda Jet/Info.plist";
				INFOPLIST_KEY_UIApplicationSupportsIndirectInputEvents = YES;
				INFOPLIST_KEY_UILaunchStoryboardName = LaunchScreen;
				INFOPLIST_KEY_UIStatusBarStyle = "";
				INFOPLIST_KEY_UISupportedInterfaceOrientations = UIInterfaceOrientationPortrait;
				INFOPLIST_KEY_UISupportedInterfaceOrientations_iPad = "UIInterfaceOrientationLandscapeLeft UIInterfaceOrientationLandscapeRight UIInterfaceOrientationPortrait UIInterfaceOrientationPortraitUpsideDown";
				IPHONEOS_DEPLOYMENT_TARGET = 17.1;
				LD_RUNPATH_SEARCH_PATHS = (
					"$(inherited)",
					"@executable_path/Frameworks",
				);
				MARKETING_VERSION = 1.0;
				PRODUCT_BUNDLE_IDENTIFIER = "com.agendajet.Agenda-Jet";
				PRODUCT_NAME = "$(TARGET_NAME)";
				SUPPORTED_PLATFORMS = "iphoneos iphonesimulator";
				SUPPORTS_MACCATALYST = NO;
				SUPPORTS_MAC_DESIGNED_FOR_IPHONE_IPAD = NO;
				SUPPORTS_XR_DESIGNED_FOR_IPHONE_IPAD = NO;
				SWIFT_EMIT_LOC_STRINGS = YES;
				SWIFT_VERSION = 5.0;
				TARGETED_DEVICE_FAMILY = 1;
			};
			name = Release;
		};
/* End XCBuildConfiguration section */

/* Begin XCConfigurationList section */
		91484A1E2BBB5DAA00D10F60 /* Build configuration list for PBXProject "Agenda Jet" */ = {
			isa = XCConfigurationList;
			buildConfigurations = (
				91484A352BBB5DAC00D10F60 /* Debug */,
				91484A362BBB5DAC00D10F60 /* Release */,
			);
			defaultConfigurationIsVisible = 0;
			defaultConfigurationName = Release;
		};
		91484A372BBB5DAC00D10F60 /* Build configuration list for PBXNativeTarget "Agenda Jet" */ = {
			isa = XCConfigurationList;
			buildConfigurations = (
				91484A382BBB5DAC00D10F60 /* Debug */,
				91484A392BBB5DAC00D10F60 /* Release */,
			);
			defaultConfigurationIsVisible = 0;
			defaultConfigurationName = Release;
		};
/* End XCConfigurationList section */
	};
	rootObject = 91484A1B2BBB5DAA00D10F60 /* Project object */;
}
